
Microsoft Visual Studio Solution File, Format Version 12.00
# Visual Studio Version 16
VisualStudioVersion = 16.0.30717.126
MinimumVisualStudioVersion = 10.0.40219.1
Project("{F184B08F-C81C-45F6-A57F-5ABD9991F28F}") = "InvoiceCreator", "InvoiceCreator\InvoiceCreator.vbproj", "{26052252-2715-4BB9-9238-09B4BABD5A8B}"
EndProject
Global
	GlobalSection(SolutionConfigurationPlatforms) = preSolution
		Debug|Any CPU = Debug|Any CPU
		Release|Any CPU = Release|Any CPU
	EndGlobalSection
	GlobalSection(ProjectConfigurationPlatforms) = postSolution
		{26052252-2715-4BB9-9238-09B4BABD5A8B}.Debug|Any CPU.ActiveCfg = Debug|Any CPU
		{26052252-2715-4BB9-9238-09B4BABD5A8B}.Debug|Any CPU.Build.0 = Debug|Any CPU
		{26052252-2715-4BB9-9238-09B4BABD5A8B}.Release|Any CPU.ActiveCfg = Release|Any CPU
		{26052252-2715-4BB9-9238-09B4BABD5A8B}.Release|Any CPU.Build.0 = Release|Any CPU
	EndGlobalSection
	GlobalSection(SolutionProperties) = preSolution
		HideSolutionNode = FALSE
	EndGlobalSection
	GlobalSection(ExtensibilityGlobals) = postSolution
		SolutionGuid = {63A57969-D822-4702-A6FC-AC74BE50ED1E}
	EndGlobalSection
EndGlobal
